
Microsoft Visual Studio Solution File, Format Version 12.00
# Visual Studio Version 17
VisualStudioVersion = 17.6.33815.320
MinimumVisualStudioVersion = 10.0.40219.1
Project("{FAE04EC0-301F-11D3-BF4B-00C04F79EFBC}") = "IDSMeetingRoom", "IDSMeetingRoom.csproj", "{F73C5F05-66D4-4203-ADF6-727418702607}"
EndProject
Project("{FAE04EC0-301F-11D3-BF4B-00C04F79EFBC}") = "IDS.Core", "..\IDS.Core\IDS.Core.csproj", "{914722B6-8FF4-46D6-AF9B-C5AD664B4961}"
EndProject
Project("{FAE04EC0-301F-11D3-BF4B-00C04F79EFBC}") = "IDS.Services", "..\IDS.Services\IDS.Services.csproj", "{2718691A-8074-4ADF-8E87-8E6351F77690}"
EndProject
Global
	GlobalSection(SolutionConfigurationPlatforms) = preSolution
		Debug|Any CPU = Debug|Any CPU
		Release|Any CPU = Release|Any CPU
	EndGlobalSection
	GlobalSection(ProjectConfigurationPlatforms) = postSolution
		{F73C5F05-66D4-4203-ADF6-727418702607}.Debug|Any CPU.ActiveCfg = Debug|Any CPU
		{F73C5F05-66D4-4203-ADF6-727418702607}.Debug|Any CPU.Build.0 = Debug|Any CPU
		{F73C5F05-66D4-4203-ADF6-727418702607}.Release|Any CPU.ActiveCfg = Release|Any CPU
		{F73C5F05-66D4-4203-ADF6-727418702607}.Release|Any CPU.Build.0 = Release|Any CPU
		{914722B6-8FF4-46D6-AF9B-C5AD664B4961}.Debug|Any CPU.ActiveCfg = Debug|Any CPU
		{914722B6-8FF4-46D6-AF9B-C5AD664B4961}.Debug|Any CPU.Build.0 = Debug|Any CPU
		{914722B6-8FF4-46D6-AF9B-C5AD664B4961}.Release|Any CPU.ActiveCfg = Release|Any CPU
		{914722B6-8FF4-46D6-AF9B-C5AD664B4961}.Release|Any CPU.Build.0 = Release|Any CPU
		{2718691A-8074-4ADF-8E87-8E6351F77690}.Debug|Any CPU.ActiveCfg = Debug|Any CPU
		{2718691A-8074-4ADF-8E87-8E6351F77690}.Debug|Any CPU.Build.0 = Debug|Any CPU
		{2718691A-8074-4ADF-8E87-8E6351F77690}.Release|Any CPU.ActiveCfg = Release|Any CPU
		{2718691A-8074-4ADF-8E87-8E6351F77690}.Release|Any CPU.Build.0 = Release|Any CPU
	EndGlobalSection
	GlobalSection(SolutionProperties) = preSolution
		HideSolutionNode = FALSE
	EndGlobalSection
	GlobalSection(ExtensibilityGlobals) = postSolution
		SolutionGuid = {25983A2D-77FB-4014-B49B-A037B38519B4}
	EndGlobalSection
EndGlobal
